
Microsoft Visual Studio Solution File, Format Version 12.00
# Visual Studio 15
VisualStudioVersion = 15.0.28307.136
MinimumVisualStudioVersion = 10.0.40219.1
Project("{FAE04EC0-301F-11D3-BF4B-00C04F79EFBC}") = "Stream", "Stream\Stream.csproj", "{844D6537-114B-499F-8803-A6E5A88F30CB}"
EndProject
Global
	GlobalSection(SolutionConfigurationPlatforms) = preSolution
		Debug|Any CPU = Debug|Any CPU
		Release|Any CPU = Release|Any CPU
	EndGlobalSection
	GlobalSection(ProjectConfigurationPlatforms) = postSolution
		{844D6537-114B-499F-8803-A6E5A88F30CB}.Debug|Any CPU.ActiveCfg = Debug|Any CPU
		{844D6537-114B-499F-8803-A6E5A88F30CB}.Debug|Any CPU.Build.0 = Debug|Any CPU
		{844D6537-114B-499F-8803-A6E5A88F30CB}.Release|Any CPU.ActiveCfg = Release|Any CPU
		{844D6537-114B-499F-8803-A6E5A88F30CB}.Release|Any CPU.Build.0 = Release|Any CPU
	EndGlobalSection
	GlobalSection(SolutionProperties) = preSolution
		HideSolutionNode = FALSE
	EndGlobalSection
	GlobalSection(ExtensibilityGlobals) = postSolution
		SolutionGuid = {EB90CECE-4A46-4C1C-8A61-0DC0A4A34762}
	EndGlobalSection
EndGlobal
